// !$*UTF8*$!
{
	archiveVersion = 1;
	classes = {
	};
	objectVersion = 46;
	objects = {

/* Begin PBXBuildFile section */
		121295AF1D62B45400803F30 /* TestVC+TestVC_Category_File_Name.m in Sources */ = {isa = PBXBuildFile; fileRef = 121295AE1D62B45400803F30 /* TestVC+TestVC_Category_File_Name.m */; };
		12494E571C1836EA0022C537 /* Confuse.m in Sources */ = {isa = PBXBuildFile; fileRef = 12494E561C1836EA0022C537 /* Confuse.m */; };
		124A2BF61C1910D300BAEB55 /* Confuse.m in Sources */ = {isa = PBXBuildFile; fileRef = 12494E561C1836EA0022C537 /* Confuse.m */; };
		126821391BEC92C800AC1950 /* main.m in Sources */ = {isa = PBXBuildFile; fileRef = 126821381BEC92C800AC1950 /* main.m */; };
		1268213C1BEC92C800AC1950 /* AppDelegate.m in Sources */ = {isa = PBXBuildFile; fileRef = 1268213B1BEC92C800AC1950 /* AppDelegate.m */; };
		1268213F1BEC92C800AC1950 /* MasterViewController.m in Sources */ = {isa = PBXBuildFile; fileRef = 1268213E1BEC92C800AC1950 /* MasterViewController.m */; };
		126821421BEC92C800AC1950 /* DetailViewController.m in Sources */ = {isa = PBXBuildFile; fileRef = 126821411BEC92C800AC1950 /* DetailViewController.m */; };
		126821451BEC92C800AC1950 /* Main.storyboard in Resources */ = {isa = PBXBuildFile; fileRef = 126821431BEC92C800AC1950 /* Main.storyboard */; };
		126821471BEC92C800AC1950 /* Images.xcassets in Resources */ = {isa = PBXBuildFile; fileRef = 126821461BEC92C800AC1950 /* Images.xcassets */; };
		1268214A1BEC92C800AC1950 /* LaunchScreen.xib in Resources */ = {isa = PBXBuildFile; fileRef = 126821481BEC92C800AC1950 /* LaunchScreen.xib */; };
		126821561BEC92C800AC1950 /* ProductNameTests.m in Sources */ = {isa = PBXBuildFile; fileRef = 126821551BEC92C800AC1950 /* ProductNameTests.m */; };
		12AB0B691C0FFED800239C5D /* CoreTelephony.framework in Frameworks */ = {isa = PBXBuildFile; fileRef = 12AB0B681C0FFED800239C5D /* CoreTelephony.framework */; };
		12AB0B6B1C0FFEE300239C5D /* SystemConfiguration.framework in Frameworks */ = {isa = PBXBuildFile; fileRef = 12AB0B6A1C0FFEE300239C5D /* SystemConfiguration.framework */; };
		12AB0B6D1C0FFEF000239C5D /* ImageIO.framework in Frameworks */ = {isa = PBXBuildFile; fileRef = 12AB0B6C1C0FFEF000239C5D /* ImageIO.framework */; };
		12AB0B6F1C0FFEF900239C5D /* QuartzCore.framework in Frameworks */ = {isa = PBXBuildFile; fileRef = 12AB0B6E1C0FFEF900239C5D /* QuartzCore.framework */; };
		12AB0B711C0FFF0300239C5D /* AudioToolbox.framework in Frameworks */ = {isa = PBXBuildFile; fileRef = 12AB0B701C0FFF0300239C5D /* AudioToolbox.framework */; };
		12AB0B7E1C10151F00239C5D /* PreTools.framework in Frameworks */ = {isa = PBXBuildFile; fileRef = 12AB0B7D1C10151F00239C5D /* PreTools.framework */; };
		12BB97711CBF831900DA6817 /* GTMBase64.m in Sources */ = {isa = PBXBuildFile; fileRef = 12BB976E1CBF831900DA6817 /* GTMBase64.m */; };
		12BB97721CBF831900DA6817 /* README.md in Sources */ = {isa = PBXBuildFile; fileRef = 12BB97701CBF831900DA6817 /* README.md */; };
		12BB97771CBF88C300DA6817 /* OpenUDID.m in Sources */ = {isa = PBXBuildFile; fileRef = 12BB97751CBF88C300DA6817 /* OpenUDID.m */; settings = {COMPILER_FLAGS = "-fno-objc-arc"; }; };
		12BB97781CBF88C300DA6817 /* README.md in Sources */ = {isa = PBXBuildFile; fileRef = 12BB97761CBF88C300DA6817 /* README.md */; };
		12E957ED1C128BD200EFD948 /* AppDelegate.m in Sources */ = {isa = PBXBuildFile; fileRef = 1268213B1BEC92C800AC1950 /* AppDelegate.m */; };
		12E957EE1C128BD200EFD948 /* TestLogic.m in Sources */ = {isa = PBXBuildFile; fileRef = 12F21E471C0EF23000FB582B /* TestLogic.m */; };
		12E957EF1C128BD200EFD948 /* MasterViewController.m in Sources */ = {isa = PBXBuildFile; fileRef = 1268213E1BEC92C800AC1950 /* MasterViewController.m */; };
		12E957F01C128BD200EFD948 /* main.m in Sources */ = {isa = PBXBuildFile; fileRef = 126821381BEC92C800AC1950 /* main.m */; };
		12E957F11C128BD200EFD948 /* DetailViewController.m in Sources */ = {isa = PBXBuildFile; fileRef = 126821411BEC92C800AC1950 /* DetailViewController.m */; };
		12E957F31C128BD200EFD948 /* PreTools.framework in Frameworks */ = {isa = PBXBuildFile; fileRef = 12AB0B7D1C10151F00239C5D /* PreTools.framework */; };
		12E957F41C128BD200EFD948 /* AudioToolbox.framework in Frameworks */ = {isa = PBXBuildFile; fileRef = 12AB0B701C0FFF0300239C5D /* AudioToolbox.framework */; };
		12E957F51C128BD200EFD948 /* QuartzCore.framework in Frameworks */ = {isa = PBXBuildFile; fileRef = 12AB0B6E1C0FFEF900239C5D /* QuartzCore.framework */; };
		12E957F61C128BD200EFD948 /* ImageIO.framework in Frameworks */ = {isa = PBXBuildFile; fileRef = 12AB0B6C1C0FFEF000239C5D /* ImageIO.framework */; };
		12E957F71C128BD200EFD948 /* SystemConfiguration.framework in Frameworks */ = {isa = PBXBuildFile; fileRef = 12AB0B6A1C0FFEE300239C5D /* SystemConfiguration.framework */; };
		12E957F81C128BD200EFD948 /* CoreTelephony.framework in Frameworks */ = {isa = PBXBuildFile; fileRef = 12AB0B681C0FFED800239C5D /* CoreTelephony.framework */; };
		12E957FA1C128BD200EFD948 /* Main.storyboard in Resources */ = {isa = PBXBuildFile; fileRef = 126821431BEC92C800AC1950 /* Main.storyboard */; };
		12E957FB1C128BD200EFD948 /* LaunchScreen.xib in Resources */ = {isa = PBXBuildFile; fileRef = 126821481BEC92C800AC1950 /* LaunchScreen.xib */; };
		12E957FC1C128BD200EFD948 /* Images.xcassets in Resources */ = {isa = PBXBuildFile; fileRef = 126821461BEC92C800AC1950 /* Images.xcassets */; };
		12E958071C12924B00EFD948 /* TestVC.m in Sources */ = {isa = PBXBuildFile; fileRef = 12E958061C12924B00EFD948 /* TestVC.m */; };
		12E9580B1C1293E200EFD948 /* TestVC.m in Sources */ = {isa = PBXBuildFile; fileRef = 12E958061C12924B00EFD948 /* TestVC.m */; };
		12E9580C1C1293E200EFD948 /* AppDelegate.m in Sources */ = {isa = PBXBuildFile; fileRef = 1268213B1BEC92C800AC1950 /* AppDelegate.m */; };
		12E9580D1C1293E200EFD948 /* TestLogic.m in Sources */ = {isa = PBXBuildFile; fileRef = 12F21E471C0EF23000FB582B /* TestLogic.m */; };
		12E9580E1C1293E200EFD948 /* MasterViewController.m in Sources */ = {isa = PBXBuildFile; fileRef = 1268213E1BEC92C800AC1950 /* MasterViewController.m */; };
		12E9580F1C1293E200EFD948 /* main.m in Sources */ = {isa = PBXBuildFile; fileRef = 126821381BEC92C800AC1950 /* main.m */; };
		12E958101C1293E200EFD948 /* DetailViewController.m in Sources */ = {isa = PBXBuildFile; fileRef = 126821411BEC92C800AC1950 /* DetailViewController.m */; };
		12E958121C1293E200EFD948 /* PreTools.framework in Frameworks */ = {isa = PBXBuildFile; fileRef = 12AB0B7D1C10151F00239C5D /* PreTools.framework */; };
		12E958131C1293E200EFD948 /* AudioToolbox.framework in Frameworks */ = {isa = PBXBuildFile; fileRef = 12AB0B701C0FFF0300239C5D /* AudioToolbox.framework */; };
		12E958141C1293E200EFD948 /* QuartzCore.framework in Frameworks */ = {isa = PBXBuildFile; fileRef = 12AB0B6E1C0FFEF900239C5D /* QuartzCore.framework */; };
		12E958151C1293E200EFD948 /* ImageIO.framework in Frameworks */ = {isa = PBXBuildFile; fileRef = 12AB0B6C1C0FFEF000239C5D /* ImageIO.framework */; };
		12E958161C1293E200EFD948 /* SystemConfiguration.framework in Frameworks */ = {isa = PBXBuildFile; fileRef = 12AB0B6A1C0FFEE300239C5D /* SystemConfiguration.framework */; };
		12E958171C1293E200EFD948 /* CoreTelephony.framework in Frameworks */ = {isa = PBXBuildFile; fileRef = 12AB0B681C0FFED800239C5D /* CoreTelephony.framework */; };
		12E958191C1293E200EFD948 /* Main.storyboard in Resources */ = {isa = PBXBuildFile; fileRef = 126821431BEC92C800AC1950 /* Main.storyboard */; };
		12E9581A1C1293E200EFD948 /* LaunchScreen.xib in Resources */ = {isa = PBXBuildFile; fileRef = 126821481BEC92C800AC1950 /* LaunchScreen.xib */; };
		12E9581B1C1293E200EFD948 /* Images.xcassets in Resources */ = {isa = PBXBuildFile; fileRef = 126821461BEC92C800AC1950 /* Images.xcassets */; };
		12E958221C12C61F00EFD948 /* TestVC.m in Sources */ = {isa = PBXBuildFile; fileRef = 12E958061C12924B00EFD948 /* TestVC.m */; };
		12F21E481C0EF23000FB582B /* TestLogic.m in Sources */ = {isa = PBXBuildFile; fileRef = 12F21E471C0EF23000FB582B /* TestLogic.m */; };
/* End PBXBuildFile section */

/* Begin PBXContainerItemProxy section */
		126821501BEC92C800AC1950 /* PBXContainerItemProxy */ = {
			isa = PBXContainerItemProxy;
			containerPortal = 1268212B1BEC92C800AC1950 /* Project object */;
			proxyType = 1;
			remoteGlobalIDString = 126821321BEC92C800AC1950;
			remoteInfo = ProductName;
		};
/* End PBXContainerItemProxy section */

/* Begin PBXFileReference section */
		121295AD1D62B45400803F30 /* TestVC+TestVC_Category_File_Name.h */ = {isa = PBXFileReference; fileEncoding = 4; lastKnownFileType = sourcecode.c.h; path = "TestVC+TestVC_Category_File_Name.h"; sourceTree = "<group>"; };
		121295AE1D62B45400803F30 /* TestVC+TestVC_Category_File_Name.m */ = {isa = PBXFileReference; fileEncoding = 4; lastKnownFileType = sourcecode.c.objc; path = "TestVC+TestVC_Category_File_Name.m"; sourceTree = "<group>"; };
		121295B01D62B49E00803F30 /* TestVC_TestVC_Extension_File_Name.h */ = {isa = PBXFileReference; fileEncoding = 4; lastKnownFileType = sourcecode.c.h; path = TestVC_TestVC_Extension_File_Name.h; sourceTree = "<group>"; };
		121295B11D62B4E200803F30 /* UIImage_UIimage_Extension_File_Name.h */ = {isa = PBXFileReference; fileEncoding = 4; lastKnownFileType = sourcecode.c.h; name = UIImage_UIimage_Extension_File_Name.h; path = ../UIImage_UIimage_Extension_File_Name.h; sourceTree = "<group>"; };
		12494E551C1836EA0022C537 /* Confuse.h */ = {isa = PBXFileReference; fileEncoding = 4; lastKnownFileType = sourcecode.c.h; path = Confuse.h; sourceTree = "<group>"; };
		12494E561C1836EA0022C537 /* Confuse.m */ = {isa = PBXFileReference; fileEncoding = 4; lastKnownFileType = sourcecode.c.objc; path = Confuse.m; sourceTree = "<group>"; };
		126821331BEC92C800AC1950 /* ProductName.app */ = {isa = PBXFileReference; explicitFileType = wrapper.application; includeInIndex = 0; path = ProductName.app; sourceTree = BUILT_PRODUCTS_DIR; };
		126821371BEC92C800AC1950 /* Info.plist */ = {isa = PBXFileReference; lastKnownFileType = text.plist.xml; path = Info.plist; sourceTree = "<group>"; };
		126821381BEC92C800AC1950 /* main.m */ = {isa = PBXFileReference; lastKnownFileType = sourcecode.c.objc; path = main.m; sourceTree = "<group>"; };
		1268213A1BEC92C800AC1950 /* AppDelegate.h */ = {isa = PBXFileReference; lastKnownFileType = sourcecode.c.h; path = AppDelegate.h; sourceTree = "<group>"; };
		1268213B1BEC92C800AC1950 /* AppDelegate.m */ = {isa = PBXFileReference; lastKnownFileType = sourcecode.c.objc; path = AppDelegate.m; sourceTree = "<group>"; };
		1268213D1BEC92C800AC1950 /* MasterViewController.h */ = {isa = PBXFileReference; lastKnownFileType = sourcecode.c.h; path = MasterViewController.h; sourceTree = "<group>"; };
		1268213E1BEC92C800AC1950 /* MasterViewController.m */ = {isa = PBXFileReference; lastKnownFileType = sourcecode.c.objc; path = MasterViewController.m; sourceTree = "<group>"; };
		126821401BEC92C800AC1950 /* DetailViewController.h */ = {isa = PBXFileReference; lastKnownFileType = sourcecode.c.h; path = DetailViewController.h; sourceTree = "<group>"; };
		126821411BEC92C800AC1950 /* DetailViewController.m */ = {isa = PBXFileReference; lastKnownFileType = sourcecode.c.objc; path = DetailViewController.m; sourceTree = "<group>"; };
		126821441BEC92C800AC1950 /* Base */ = {isa = PBXFileReference; lastKnownFileType = file.storyboard; name = Base; path = Base.lproj/Main.storyboard; sourceTree = "<group>"; };
		126821461BEC92C800AC1950 /* Images.xcassets */ = {isa = PBXFileReference; lastKnownFileType = folder.assetcatalog; path = Images.xcassets; sourceTree = "<group>"; };
		126821491BEC92C800AC1950 /* Base */ = {isa = PBXFileReference; lastKnownFileType = file.xib; name = Base; path = Base.lproj/LaunchScreen.xib; sourceTree = "<group>"; };
		1268214F1BEC92C800AC1950 /* ProductNameTests.xctest */ = {isa = PBXFileReference; explicitFileType = wrapper.cfbundle; includeInIndex = 0; path = ProductNameTests.xctest; sourceTree = BUILT_PRODUCTS_DIR; };
		126821541BEC92C800AC1950 /* Info.plist */ = {isa = PBXFileReference; lastKnownFileType = text.plist.xml; path = Info.plist; sourceTree = "<group>"; };
		126821551BEC92C800AC1950 /* ProductNameTests.m */ = {isa = PBXFileReference; lastKnownFileType = sourcecode.c.objc; path = ProductNameTests.m; sourceTree = "<group>"; };
		12AB0B681C0FFED800239C5D /* CoreTelephony.framework */ = {isa = PBXFileReference; lastKnownFileType = wrapper.framework; name = CoreTelephony.framework; path = System/Library/Frameworks/CoreTelephony.framework; sourceTree = SDKROOT; };
		12AB0B6A1C0FFEE300239C5D /* SystemConfiguration.framework */ = {isa = PBXFileReference; lastKnownFileType = wrapper.framework; name = SystemConfiguration.framework; path = System/Library/Frameworks/SystemConfiguration.framework; sourceTree = SDKROOT; };
		12AB0B6C1C0FFEF000239C5D /* ImageIO.framework */ = {isa = PBXFileReference; lastKnownFileType = wrapper.framework; name = ImageIO.framework; path = System/Library/Frameworks/ImageIO.framework; sourceTree = SDKROOT; };
		12AB0B6E1C0FFEF900239C5D /* QuartzCore.framework */ = {isa = PBXFileReference; lastKnownFileType = wrapper.framework; name = QuartzCore.framework; path = System/Library/Frameworks/QuartzCore.framework; sourceTree = SDKROOT; };
		12AB0B701C0FFF0300239C5D /* AudioToolbox.framework */ = {isa = PBXFileReference; lastKnownFileType = wrapper.framework; name = AudioToolbox.framework; path = System/Library/Frameworks/AudioToolbox.framework; sourceTree = SDKROOT; };
		12AB0B7D1C10151F00239C5D /* PreTools.framework */ = {isa = PBXFileReference; lastKnownFileType = wrapper.framework; name = PreTools.framework; path = ProductName/PreTools.framework; sourceTree = "<group>"; };
		12BB976D1CBF831900DA6817 /* GTMBase64.h */ = {isa = PBXFileReference; fileEncoding = 4; lastKnownFileType = sourcecode.c.h; path = GTMBase64.h; sourceTree = "<group>"; };
		12BB976E1CBF831900DA6817 /* GTMBase64.m */ = {isa = PBXFileReference; fileEncoding = 4; lastKnownFileType = sourcecode.c.objc; path = GTMBase64.m; sourceTree = "<group>"; };
		12BB976F1CBF831900DA6817 /* GTMDefines.h */ = {isa = PBXFileReference; fileEncoding = 4; lastKnownFileType = sourcecode.c.h; path = GTMDefines.h; sourceTree = "<group>"; };
		12BB97701CBF831900DA6817 /* README.md */ = {isa = PBXFileReference; fileEncoding = 4; lastKnownFileType = net.daringfireball.markdown; path = README.md; sourceTree = "<group>"; };
		12BB97741CBF88C300DA6817 /* OpenUDID.h */ = {isa = PBXFileReference; fileEncoding = 4; lastKnownFileType = sourcecode.c.h; path = OpenUDID.h; sourceTree = "<group>"; };
		12BB97751CBF88C300DA6817 /* OpenUDID.m */ = {isa = PBXFileReference; fileEncoding = 4; lastKnownFileType = sourcecode.c.objc; path = OpenUDID.m; sourceTree = "<group>"; };
		12BB97761CBF88C300DA6817 /* README.md */ = {isa = PBXFileReference; fileEncoding = 4; lastKnownFileType = net.daringfireball.markdown; path = README.md; sourceTree = "<group>"; };
		12E958001C128BD200EFD948 /* ProductNamecopy_friend.app */ = {isa = PBXFileReference; explicitFileType = wrapper.application; includeInIndex = 0; path = ProductNamecopy_friend.app; sourceTree = BUILT_PRODUCTS_DIR; };
		12E958021C128C7800EFD948 /* ProductName copy-Info.plist */ = {isa = PBXFileReference; fileEncoding = 4; lastKnownFileType = text.plist.xml; path = "ProductName copy-Info.plist"; sourceTree = "<group>"; };
		12E958051C12924B00EFD948 /* TestVC.h */ = {isa = PBXFileReference; fileEncoding = 4; lastKnownFileType = sourcecode.c.h; path = TestVC.h; sourceTree = "<group>"; };
		12E958061C12924B00EFD948 /* TestVC.m */ = {isa = PBXFileReference; fileEncoding = 4; lastKnownFileType = sourcecode.c.objc; path = TestVC.m; sourceTree = "<group>"; };
		12E9581F1C1293E200EFD948 /* ProductName copy.app */ = {isa = PBXFileReference; explicitFileType = wrapper.application; includeInIndex = 0; path = "ProductName copy.app"; sourceTree = BUILT_PRODUCTS_DIR; };
		12E958201C1293E300EFD948 /* ProductName copy-Info.plist */ = {isa = PBXFileReference; lastKnownFileType = text.plist.xml; name = "ProductName copy-Info.plist"; path = "/Users/shidu/Documents/ios/ProductName/ProductName copy-Info.plist"; sourceTree = "<absolute>"; };
		12F21E461C0EF23000FB582B /* TestLogic.h */ = {isa = PBXFileReference; fileEncoding = 4; lastKnownFileType = sourcecode.c.h; path = TestLogic.h; sourceTree = "<group>"; };
		12F21E471C0EF23000FB582B /* TestLogic.m */ = {isa = PBXFileReference; fileEncoding = 4; lastKnownFileType = sourcecode.c.objc; path = TestLogic.m; sourceTree = "<group>"; };
		12FE3A50241397BE002D61BD /* Config.h */ = {isa = PBXFileReference; lastKnownFileType = sourcecode.c.h; path = Config.h; sourceTree = "<group>"; };
/* End PBXFileReference section */

/* Begin PBXFrameworksBuildPhase section */
		126821301BEC92C800AC1950 /* Frameworks */ = {
			isa = PBXFrameworksBuildPhase;
			buildActionMask = 2147483647;
			files = (
				12AB0B7E1C10151F00239C5D /* PreTools.framework in Frameworks */,
				12AB0B711C0FFF0300239C5D /* AudioToolbox.framework in Frameworks */,
				12AB0B6F1C0FFEF900239C5D /* QuartzCore.framework in Frameworks */,
				12AB0B6D1C0FFEF000239C5D /* ImageIO.framework in Frameworks */,
				12AB0B6B1C0FFEE300239C5D /* SystemConfiguration.framework in Frameworks */,
				12AB0B691C0FFED800239C5D /* CoreTelephony.framework in Frameworks */,
			);
			runOnlyForDeploymentPostprocessing = 0;
		};
		1268214C1BEC92C800AC1950 /* Frameworks */ = {
			isa = PBXFrameworksBuildPhase;
			buildActionMask = 2147483647;
			files = (
			);
			runOnlyForDeploymentPostprocessing = 0;
		};
		12E957F21C128BD200EFD948 /* Frameworks */ = {
			isa = PBXFrameworksBuildPhase;
			buildActionMask = 2147483647;
			files = (
				12E957F31C128BD200EFD948 /* PreTools.framework in Frameworks */,
				12E957F41C128BD200EFD948 /* AudioToolbox.framework in Frameworks */,
				12E957F51C128BD200EFD948 /* QuartzCore.framework in Frameworks */,
				12E957F61C128BD200EFD948 /* ImageIO.framework in Frameworks */,
				12E957F71C128BD200EFD948 /* SystemConfiguration.framework in Frameworks */,
				12E957F81C128BD200EFD948 /* CoreTelephony.framework in Frameworks */,
			);
			runOnlyForDeploymentPostprocessing = 0;
		};
		12E958111C1293E200EFD948 /* Frameworks */ = {
			isa = PBXFrameworksBuildPhase;
			buildActionMask = 2147483647;
			files = (
				12E958121C1293E200EFD948 /* PreTools.framework in Frameworks */,
				12E958131C1293E200EFD948 /* AudioToolbox.framework in Frameworks */,
				12E958141C1293E200EFD948 /* QuartzCore.framework in Frameworks */,
				12E958151C1293E200EFD948 /* ImageIO.framework in Frameworks */,
				12E958161C1293E200EFD948 /* SystemConfiguration.framework in Frameworks */,
				12E958171C1293E200EFD948 /* CoreTelephony.framework in Frameworks */,
			);
			runOnlyForDeploymentPostprocessing = 0;
		};
/* End PBXFrameworksBuildPhase section */

/* Begin PBXGroup section */
		1268212A1BEC92C800AC1950 = {
			isa = PBXGroup;
			children = (
				12AB0B7D1C10151F00239C5D /* PreTools.framework */,
				12AB0B701C0FFF0300239C5D /* AudioToolbox.framework */,
				12AB0B6E1C0FFEF900239C5D /* QuartzCore.framework */,
				12AB0B6C1C0FFEF000239C5D /* ImageIO.framework */,
				12AB0B6A1C0FFEE300239C5D /* SystemConfiguration.framework */,
				12AB0B681C0FFED800239C5D /* CoreTelephony.framework */,
				126821351BEC92C800AC1950 /* ProductName */,
				126821521BEC92C800AC1950 /* ProductNameTests */,
				126821341BEC92C800AC1950 /* Products */,
			);
			sourceTree = "<group>";
		};
		126821341BEC92C800AC1950 /* Products */ = {
			isa = PBXGroup;
			children = (
				126821331BEC92C800AC1950 /* ProductName.app */,
				1268214F1BEC92C800AC1950 /* ProductNameTests.xctest */,
				12E958001C128BD200EFD948 /* ProductNamecopy_friend.app */,
				12E9581F1C1293E200EFD948 /* ProductName copy.app */,
			);
			name = Products;
			sourceTree = "<group>";
		};
		126821351BEC92C800AC1950 /* ProductName */ = {
			isa = PBXGroup;
			children = (
				12BB97731CBF88C300DA6817 /* OpenUDID */,
				12BB976C1CBF82FE00DA6817 /* GTMBase64 */,
				12494E551C1836EA0022C537 /* Confuse.h */,
				12494E561C1836EA0022C537 /* Confuse.m */,
				1268213A1BEC92C800AC1950 /* AppDelegate.h */,
				1268213B1BEC92C800AC1950 /* AppDelegate.m */,
				1268213D1BEC92C800AC1950 /* MasterViewController.h */,
				1268213E1BEC92C800AC1950 /* MasterViewController.m */,
				126821401BEC92C800AC1950 /* DetailViewController.h */,
				126821411BEC92C800AC1950 /* DetailViewController.m */,
				126821431BEC92C800AC1950 /* Main.storyboard */,
				126821461BEC92C800AC1950 /* Images.xcassets */,
				126821481BEC92C800AC1950 /* LaunchScreen.xib */,
				126821361BEC92C800AC1950 /* Supporting Files */,
				12F21E461C0EF23000FB582B /* TestLogic.h */,
				12F21E471C0EF23000FB582B /* TestLogic.m */,
				12E958051C12924B00EFD948 /* TestVC.h */,
				12E958061C12924B00EFD948 /* TestVC.m */,
				121295AD1D62B45400803F30 /* TestVC+TestVC_Category_File_Name.h */,
				121295AE1D62B45400803F30 /* TestVC+TestVC_Category_File_Name.m */,
				121295B01D62B49E00803F30 /* TestVC_TestVC_Extension_File_Name.h */,
				121295B11D62B4E200803F30 /* UIImage_UIimage_Extension_File_Name.h */,
				12FE3A50241397BE002D61BD /* Config.h */,
			);
			path = ProductName;
			sourceTree = "<group>";
		};
		126821361BEC92C800AC1950 /* Supporting Files */ = {
			isa = PBXGroup;
			children = (
				12E958201C1293E300EFD948 /* ProductName copy-Info.plist */,
				12E958021C128C7800EFD948 /* ProductName copy-Info.plist */,
				126821371BEC92C800AC1950 /* Info.plist */,
				126821381BEC92C800AC1950 /* main.m */,
			);
			name = "Supporting Files";
			sourceTree = "<group>";
		};
		126821521BEC92C800AC1950 /* ProductNameTests */ = {
			isa = PBXGroup;
			children = (
				126821551BEC92C800AC1950 /* ProductNameTests.m */,
				126821531BEC92C800AC1950 /* Supporting Files */,
			);
			path = ProductNameTests;
			sourceTree = "<group>";
		};
		126821531BEC92C800AC1950 /* Supporting Files */ = {
			isa = PBXGroup;
			children = (
				126821541BEC92C800AC1950 /* Info.plist */,
			);
			name = "Supporting Files";
			sourceTree = "<group>";
		};
		12BB976C1CBF82FE00DA6817 /* GTMBase64 */ = {
			isa = PBXGroup;
			children = (
				12BB976D1CBF831900DA6817 /* GTMBase64.h */,
				12BB976E1CBF831900DA6817 /* GTMBase64.m */,
				12BB976F1CBF831900DA6817 /* GTMDefines.h */,
				12BB97701CBF831900DA6817 /* README.md */,
			);
			path = GTMBase64;
			sourceTree = "<group>";
		};
		12BB97731CBF88C300DA6817 /* OpenUDID */ = {
			isa = PBXGroup;
			children = (
				12BB97741CBF88C300DA6817 /* OpenUDID.h */,
				12BB97751CBF88C300DA6817 /* OpenUDID.m */,
				12BB97761CBF88C300DA6817 /* README.md */,
			);
			path = OpenUDID;
			sourceTree = "<group>";
		};
/* End PBXGroup section */

/* Begin PBXNativeTarget section */
		126821321BEC92C800AC1950 /* ProductName */ = {
			isa = PBXNativeTarget;
			buildConfigurationList = 126821591BEC92C800AC1950 /* Build configuration list for PBXNativeTarget "ProductName" */;
			buildPhases = (
				1268212F1BEC92C800AC1950 /* Sources */,
				126821301BEC92C800AC1950 /* Frameworks */,
				126821311BEC92C800AC1950 /* Resources */,
			);
			buildRules = (
			);
			dependencies = (
			);
			name = ProductName;
			productName = ProductName;
			productReference = 126821331BEC92C800AC1950 /* ProductName.app */;
			productType = "com.apple.product-type.application";
		};
		1268214E1BEC92C800AC1950 /* ProductNameTests */ = {
			isa = PBXNativeTarget;
			buildConfigurationList = 1268215C1BEC92C800AC1950 /* Build configuration list for PBXNativeTarget "ProductNameTests" */;
			buildPhases = (
				1268214B1BEC92C800AC1950 /* Sources */,
				1268214C1BEC92C800AC1950 /* Frameworks */,
				1268214D1BEC92C800AC1950 /* Resources */,
			);
			buildRules = (
			);
			dependencies = (
				126821511BEC92C800AC1950 /* PBXTargetDependency */,
			);
			name = ProductNameTests;
			productName = ProductNameTests;
			productReference = 1268214F1BEC92C800AC1950 /* ProductNameTests.xctest */;
			productType = "com.apple.product-type.bundle.unit-test";
		};
		12E957EB1C128BD200EFD948 /* ProductNamecopy_friend */ = {
			isa = PBXNativeTarget;
			buildConfigurationList = 12E957FD1C128BD200EFD948 /* Build configuration list for PBXNativeTarget "ProductNamecopy_friend" */;
			buildPhases = (
				12E957EC1C128BD200EFD948 /* Sources */,
				12E957F21C128BD200EFD948 /* Frameworks */,
				12E957F91C128BD200EFD948 /* Resources */,
			);
			buildRules = (
			);
			dependencies = (
			);
			name = ProductNamecopy_friend;
			productName = ProductName;
			productReference = 12E958001C128BD200EFD948 /* ProductNamecopy_friend.app */;
			productType = "com.apple.product-type.application";
		};
		12E958091C1293E200EFD948 /* ProductName copy */ = {
			isa = PBXNativeTarget;
			buildConfigurationList = 12E9581C1C1293E200EFD948 /* Build configuration list for PBXNativeTarget "ProductName copy" */;
			buildPhases = (
				12E9580A1C1293E200EFD948 /* Sources */,
				12E958111C1293E200EFD948 /* Frameworks */,
				12E958181C1293E200EFD948 /* Resources */,
			);
			buildRules = (
			);
			dependencies = (
			);
			name = "ProductName copy";
			productName = ProductName;
			productReference = 12E9581F1C1293E200EFD948 /* ProductName copy.app */;
			productType = "com.apple.product-type.application";
		};
/* End PBXNativeTarget section */

/* Begin PBXProject section */
		1268212B1BEC92C800AC1950 /* Project object */ = {
			isa = PBXProject;
			attributes = {
				LastUpgradeCheck = 0640;
				ORGANIZATIONNAME = "十度";
				TargetAttributes = {
					126821321BEC92C800AC1950 = {
						CreatedOnToolsVersion = 6.4;
					};
					1268214E1BEC92C800AC1950 = {
						CreatedOnToolsVersion = 6.4;
						TestTargetID = 126821321BEC92C800AC1950;
					};
				};
			};
			buildConfigurationList = 1268212E1BEC92C800AC1950 /* Build configuration list for PBXProject "ProductName" */;
			compatibilityVersion = "Xcode 3.2";
			developmentRegion = English;
			hasScannedForEncodings = 0;
			knownRegions = (
				English,
				en,
				Base,
			);
			mainGroup = 1268212A1BEC92C800AC1950;
			productRefGroup = 126821341BEC92C800AC1950 /* Products */;
			projectDirPath = "";
			projectRoot = "";
			targets = (
				126821321BEC92C800AC1950 /* ProductName */,
				1268214E1BEC92C800AC1950 /* ProductNameTests */,
				12E957EB1C128BD200EFD948 /* ProductNamecopy_friend */,
				12E958091C1293E200EFD948 /* ProductName copy */,
			);
		};
/* End PBXProject section */

/* Begin PBXResourcesBuildPhase section */
		126821311BEC92C800AC1950 /* Resources */ = {
			isa = PBXResourcesBuildPhase;
			buildActionMask = 2147483647;
			files = (
				126821451BEC92C800AC1950 /* Main.storyboard in Resources */,
				1268214A1BEC92C800AC1950 /* LaunchScreen.xib in Resources */,
				126821471BEC92C800AC1950 /* Images.xcassets in Resources */,
			);
			runOnlyForDeploymentPostprocessing = 0;
		};
		1268214D1BEC92C800AC1950 /* Resources */ = {
			isa = PBXResourcesBuildPhase;
			buildActionMask = 2147483647;
			files = (
			);
			runOnlyForDeploymentPostprocessing = 0;
		};
		12E957F91C128BD200EFD948 /* Resources */ = {
			isa = PBXResourcesBuildPhase;
			buildActionMask = 2147483647;
			files = (
				12E957FA1C128BD200EFD948 /* Main.storyboard in Resources */,
				12E957FB1C128BD200EFD948 /* LaunchScreen.xib in Resources */,
				12E957FC1C128BD200EFD948 /* Images.xcassets in Resources */,
			);
			runOnlyForDeploymentPostprocessing = 0;
		};
		12E958181C1293E200EFD948 /* Resources */ = {
			isa = PBXResourcesBuildPhase;
			buildActionMask = 2147483647;
			files = (
				12E958191C1293E200EFD948 /* Main.storyboard in Resources */,
				12E9581A1C1293E200EFD948 /* LaunchScreen.xib in Resources */,
				12E9581B1C1293E200EFD948 /* Images.xcassets in Resources */,
			);
			runOnlyForDeploymentPostprocessing = 0;
		};
/* End PBXResourcesBuildPhase section */

/* Begin PBXSourcesBuildPhase section */
		1268212F1BEC92C800AC1950 /* Sources */ = {
			isa = PBXSourcesBuildPhase;
			buildActionMask = 2147483647;
			files = (
				12E958071C12924B00EFD948 /* TestVC.m in Sources */,
				1268213C1BEC92C800AC1950 /* AppDelegate.m in Sources */,
				12BB97781CBF88C300DA6817 /* README.md in Sources */,
				12494E571C1836EA0022C537 /* Confuse.m in Sources */,
				12F21E481C0EF23000FB582B /* TestLogic.m in Sources */,
				1268213F1BEC92C800AC1950 /* MasterViewController.m in Sources */,
				121295AF1D62B45400803F30 /* TestVC+TestVC_Category_File_Name.m in Sources */,
				12BB97771CBF88C300DA6817 /* OpenUDID.m in Sources */,
				12BB97721CBF831900DA6817 /* README.md in Sources */,
				12BB97711CBF831900DA6817 /* GTMBase64.m in Sources */,
				126821391BEC92C800AC1950 /* main.m in Sources */,
				126821421BEC92C800AC1950 /* DetailViewController.m in Sources */,
			);
			runOnlyForDeploymentPostprocessing = 0;
		};
		1268214B1BEC92C800AC1950 /* Sources */ = {
			isa = PBXSourcesBuildPhase;
			buildActionMask = 2147483647;
			files = (
				126821561BEC92C800AC1950 /* ProductNameTests.m in Sources */,
			);
			runOnlyForDeploymentPostprocessing = 0;
		};
		12E957EC1C128BD200EFD948 /* Sources */ = {
			isa = PBXSourcesBuildPhase;
			buildActionMask = 2147483647;
			files = (
				12E958221C12C61F00EFD948 /* TestVC.m in Sources */,
				12E957ED1C128BD200EFD948 /* AppDelegate.m in Sources */,
				124A2BF61C1910D300BAEB55 /* Confuse.m in Sources */,
				12E957EE1C128BD200EFD948 /* TestLogic.m in Sources */,
				12E957EF1C128BD200EFD948 /* MasterViewController.m in Sources */,
				12E957F01C128BD200EFD948 /* main.m in Sources */,
				12E957F11C128BD200EFD948 /* DetailViewController.m in Sources */,
			);
			runOnlyForDeploymentPostprocessing = 0;
		};
		12E9580A1C1293E200EFD948 /* Sources */ = {
			isa = PBXSourcesBuildPhase;
			buildActionMask = 2147483647;
			files = (
				12E9580B1C1293E200EFD948 /* TestVC.m in Sources */,
				12E9580C1C1293E200EFD948 /* AppDelegate.m in Sources */,
				12E9580D1C1293E200EFD948 /* TestLogic.m in Sources */,
				12E9580E1C1293E200EFD948 /* MasterViewController.m in Sources */,
				12E9580F1C1293E200EFD948 /* main.m in Sources */,
				12E958101C1293E200EFD948 /* DetailViewController.m in Sources */,
			);
			runOnlyForDeploymentPostprocessing = 0;
		};
/* End PBXSourcesBuildPhase section */

/* Begin PBXTargetDependency section */
		126821511BEC92C800AC1950 /* PBXTargetDependency */ = {
			isa = PBXTargetDependency;
			target = 126821321BEC92C800AC1950 /* ProductName */;
			targetProxy = 126821501BEC92C800AC1950 /* PBXContainerItemProxy */;
		};
/* End PBXTargetDependency section */

/* Begin PBXVariantGroup section */
		126821431BEC92C800AC1950 /* Main.storyboard */ = {
			isa = PBXVariantGroup;
			children = (
				126821441BEC92C800AC1950 /* Base */,
			);
			name = Main.storyboard;
			sourceTree = "<group>";
		};
		126821481BEC92C800AC1950 /* LaunchScreen.xib */ = {
			isa = PBXVariantGroup;
			children = (
				126821491BEC92C800AC1950 /* Base */,
			);
			name = LaunchScreen.xib;
			sourceTree = "<group>";
		};
/* End PBXVariantGroup section */

/* Begin XCBuildConfiguration section */
		126821571BEC92C800AC1950 /* Debug */ = {
			isa = XCBuildConfiguration;
			buildSettings = {
				ALWAYS_SEARCH_USER_PATHS = NO;
				CLANG_CXX_LANGUAGE_STANDARD = "gnu++0x";
				CLANG_CXX_LIBRARY = "libc++";
				CLANG_ENABLE_MODULES = YES;
				CLANG_ENABLE_OBJC_ARC = YES;
				CLANG_WARN_BOOL_CONVERSION = YES;
				CLANG_WARN_CONSTANT_CONVERSION = YES;
				CLANG_WARN_DIRECT_OBJC_ISA_USAGE = YES_ERROR;
				CLANG_WARN_EMPTY_BODY = YES;
				CLANG_WARN_ENUM_CONVERSION = YES;
				CLANG_WARN_INT_CONVERSION = YES;
				CLANG_WARN_OBJC_ROOT_CLASS = YES_ERROR;
				CLANG_WARN_UNREACHABLE_CODE = YES;
				CLANG_WARN__DUPLICATE_METHOD_MATCH = YES;
				"CODE_SIGN_IDENTITY[sdk=iphoneos*]" = "iPhone Developer";
				COPY_PHASE_STRIP = NO;
				DEBUG_INFORMATION_FORMAT = "dwarf-with-dsym";
				ENABLE_STRICT_OBJC_MSGSEND = YES;
				GCC_C_LANGUAGE_STANDARD = gnu99;
				GCC_DYNAMIC_NO_PIC = NO;
				GCC_NO_COMMON_BLOCKS = YES;
				GCC_OPTIMIZATION_LEVEL = 0;
				GCC_PREPROCESSOR_DEFINITIONS = (
					"DEBUG=1",
					"$(inherited)",
				);
				GCC_SYMBOLS_PRIVATE_EXTERN = NO;
				GCC_WARN_64_TO_32_BIT_CONVERSION = YES;
				GCC_WARN_ABOUT_RETURN_TYPE = YES_ERROR;
				GCC_WARN_UNDECLARED_SELECTOR = YES;
				GCC_WARN_UNINITIALIZED_AUTOS = YES_AGGRESSIVE;
				GCC_WARN_UNUSED_FUNCTION = YES;
				GCC_WARN_UNUSED_VARIABLE = YES;
				IPHONEOS_DEPLOYMENT_TARGET = 8.4;
				MTL_ENABLE_DEBUG_INFO = YES;
				ONLY_ACTIVE_ARCH = YES;
				SDKROOT = iphoneos;
				TARGETED_DEVICE_FAMILY = "1,2";
			};
			name = Debug;
		};
		126821581BEC92C800AC1950 /* Release */ = {
			isa = XCBuildConfiguration;
			buildSettings = {
				ALWAYS_SEARCH_USER_PATHS = NO;
				CLANG_CXX_LANGUAGE_STANDARD = "gnu++0x";
				CLANG_CXX_LIBRARY = "libc++";
				CLANG_ENABLE_MODULES = YES;
				CLANG_ENABLE_OBJC_ARC = YES;
				CLANG_WARN_BOOL_CONVERSION = YES;
				CLANG_WARN_CONSTANT_CONVERSION = YES;
				CLANG_WARN_DIRECT_OBJC_ISA_USAGE = YES_ERROR;
				CLANG_WARN_EMPTY_BODY = YES;
				CLANG_WARN_ENUM_CONVERSION = YES;
				CLANG_WARN_INT_CONVERSION = YES;
				CLANG_WARN_OBJC_ROOT_CLASS = YES_ERROR;
				CLANG_WARN_UNREACHABLE_CODE = YES;
				CLANG_WARN__DUPLICATE_METHOD_MATCH = YES;
				"CODE_SIGN_IDENTITY[sdk=iphoneos*]" = "iPhone Developer";
				COPY_PHASE_STRIP = NO;
				DEBUG_INFORMATION_FORMAT = "dwarf-with-dsym";
				ENABLE_NS_ASSERTIONS = NO;
				ENABLE_STRICT_OBJC_MSGSEND = YES;
				GCC_C_LANGUAGE_STANDARD = gnu99;
				GCC_NO_COMMON_BLOCKS = YES;
				GCC_WARN_64_TO_32_BIT_CONVERSION = YES;
				GCC_WARN_ABOUT_RETURN_TYPE = YES_ERROR;
				GCC_WARN_UNDECLARED_SELECTOR = YES;
				GCC_WARN_UNINITIALIZED_AUTOS = YES_AGGRESSIVE;
				GCC_WARN_UNUSED_FUNCTION = YES;
				GCC_WARN_UNUSED_VARIABLE = YES;
				IPHONEOS_DEPLOYMENT_TARGET = 8.4;
				MTL_ENABLE_DEBUG_INFO = NO;
				SDKROOT = iphoneos;
				TARGETED_DEVICE_FAMILY = "1,2";
				VALIDATE_PRODUCT = YES;
			};
			name = Release;
		};
		1268215A1BEC92C800AC1950 /* Debug */ = {
			isa = XCBuildConfiguration;
			buildSettings = {
				ASSETCATALOG_COMPILER_APPICON_NAME = AppIcon;
				CODE_SIGN_IDENTITY = "iPhone Developer";
				FRAMEWORK_SEARCH_PATHS = (
					"$(inherited)",
					"$(PROJECT_DIR)/ProductName",
					"$(PROJECT_DIR)/ALSystemUtilities.embeddedframework",
				);
				GCC_PREPROCESSOR_DEFINITIONS = (
					"DEBUG=1",
					"$(inherited)",
					"TARGET_VERSION_LITE=1",
				);
				INFOPLIST_FILE = ProductName/Info.plist;
				IPHONEOS_DEPLOYMENT_TARGET = 8.1;
				LD_RUNPATH_SEARCH_PATHS = "$(inherited) @executable_path/Frameworks";
				PRODUCT_BUNDLE_IDENTIFIER = com.enesco.musicddd;
				PRODUCT_NAME = "$(TARGET_NAME)";
			};
			name = Debug;
		};
		1268215B1BEC92C800AC1950 /* Release */ = {
			isa = XCBuildConfiguration;
			buildSettings = {
				ASSETCATALOG_COMPILER_APPICON_NAME = AppIcon;
				CODE_SIGN_IDENTITY = "iPhone Developer";
				FRAMEWORK_SEARCH_PATHS = (
					"$(inherited)",
					"$(PROJECT_DIR)/ProductName",
					"$(PROJECT_DIR)/ALSystemUtilities.embeddedframework",
				);
				GCC_PREPROCESSOR_DEFINITIONS = "TARGET_VERSION_LITE=1";
				INFOPLIST_FILE = ProductName/Info.plist;
				IPHONEOS_DEPLOYMENT_TARGET = 8.1;
				LD_RUNPATH_SEARCH_PATHS = "$(inherited) @executable_path/Frameworks";
				ONLY_ACTIVE_ARCH = YES;
				PRODUCT_BUNDLE_IDENTIFIER = com.enesco.musicddd;
				PRODUCT_NAME = "$(TARGET_NAME)";
			};
			name = Release;
		};
		1268215D1BEC92C800AC1950 /* Debug */ = {
			isa = XCBuildConfiguration;
			buildSettings = {
				BUNDLE_LOADER = "$(TEST_HOST)";
				FRAMEWORK_SEARCH_PATHS = (
					"$(SDKROOT)/Developer/Library/Frameworks",
					"$(inherited)",
				);
				GCC_PREPROCESSOR_DEFINITIONS = (
					"DEBUG=1",
					"$(inherited)",
				);
				INFOPLIST_FILE = ProductNameTests/Info.plist;
				LD_RUNPATH_SEARCH_PATHS = "$(inherited) @executable_path/Frameworks @loader_path/Frameworks";
				PRODUCT_NAME = "$(TARGET_NAME)";
				TEST_HOST = "$(BUILT_PRODUCTS_DIR)/ProductName.app/ProductName";
			};
			name = Debug;
		};
		1268215E1BEC92C800AC1950 /* Release */ = {
			isa = XCBuildConfiguration;
			buildSettings = {
				BUNDLE_LOADER = "$(TEST_HOST)";
				FRAMEWORK_SEARCH_PATHS = (
					"$(SDKROOT)/Developer/Library/Frameworks",
					"$(inherited)",
				);
				INFOPLIST_FILE = ProductNameTests/Info.plist;
				LD_RUNPATH_SEARCH_PATHS = "$(inherited) @executable_path/Frameworks @loader_path/Frameworks";
				PRODUCT_NAME = "$(TARGET_NAME)";
				TEST_HOST = "$(BUILT_PRODUCTS_DIR)/ProductName.app/ProductName";
			};
			name = Release;
		};
		12E957FE1C128BD200EFD948 /* Debug */ = {
			isa = XCBuildConfiguration;
			buildSettings = {
				ASSETCATALOG_COMPILER_APPICON_NAME = AppIcon;
				CODE_SIGN_IDENTITY = "iPhone Developer";
				FRAMEWORK_SEARCH_PATHS = (
					"$(inherited)",
					"$(PROJECT_DIR)/ProductName",
					"$(PROJECT_DIR)/ALSystemUtilities.embeddedframework",
				);
				GCC_PREPROCESSOR_DEFINITIONS = (
					"DEBUG=1",
					"$(inherited)",
					"TARGET_VERSION_LITE=2",
				);
				INFOPLIST_FILE = "ProductName/ProductName copy-Info.plist";
				IPHONEOS_DEPLOYMENT_TARGET = 8.1;
				LD_RUNPATH_SEARCH_PATHS = "$(inherited) @executable_path/Frameworks";
				PRODUCT_BUNDLE_IDENTIFIER = com.puacg.app;
				PRODUCT_NAME = "$(TARGET_NAME)";
			};
			name = Debug;
		};
		12E957FF1C128BD200EFD948 /* Release */ = {
			isa = XCBuildConfiguration;
			buildSettings = {
				ASSETCATALOG_COMPILER_APPICON_NAME = AppIcon;
				CODE_SIGN_IDENTITY = "iPhone Developer";
				FRAMEWORK_SEARCH_PATHS = (
					"$(inherited)",
					"$(PROJECT_DIR)/ProductName",
					"$(PROJECT_DIR)/ALSystemUtilities.embeddedframework",
				);
				GCC_PREPROCESSOR_DEFINITIONS = "TARGET_VERSION_LITE=2";
				INFOPLIST_FILE = "ProductName/ProductName copy-Info.plist";
				IPHONEOS_DEPLOYMENT_TARGET = 8.1;
				LD_RUNPATH_SEARCH_PATHS = "$(inherited) @executable_path/Frameworks";
				PRODUCT_BUNDLE_IDENTIFIER = com.puacg.app;
				PRODUCT_NAME = "$(TARGET_NAME)";
			};
			name = Release;
		};
		12E9581D1C1293E200EFD948 /* Debug */ = {
			isa = XCBuildConfiguration;
			buildSettings = {
				ASSETCATALOG_COMPILER_APPICON_NAME = AppIcon;
				CODE_SIGN_IDENTITY = "iPhone Developer";
				FRAMEWORK_SEARCH_PATHS = (
					"$(inherited)",
					"$(PROJECT_DIR)/ProductName",
					"$(PROJECT_DIR)/ALSystemUtilities.embeddedframework",
				);
				GCC_PREPROCESSOR_DEFINITIONS = (
					"DEBUG=1",
					"$(inherited)",
					"TARGET_VERSION_LITE=1",
				);
				INFOPLIST_FILE = "ProductName copy-Info.plist";
				IPHONEOS_DEPLOYMENT_TARGET = 8.1;
				LD_RUNPATH_SEARCH_PATHS = "$(inherited) @executable_path/Frameworks";
				PRODUCT_BUNDLE_IDENTIFIER = com.puacg.app;
				PRODUCT_NAME = "$(TARGET_NAME)";
			};
			name = Debug;
		};
		12E9581E1C1293E200EFD948 /* Release */ = {
			isa = XCBuildConfiguration;
			buildSettings = {
				ASSETCATALOG_COMPILER_APPICON_NAME = AppIcon;
				CODE_SIGN_IDENTITY = "iPhone Developer";
				FRAMEWORK_SEARCH_PATHS = (
					"$(inherited)",
					"$(PROJECT_DIR)/ProductName",
					"$(PROJECT_DIR)/ALSystemUtilities.embeddedframework",
				);
				GCC_PREPROCESSOR_DEFINITIONS = "TARGET_VERSION_LITE=1";
				INFOPLIST_FILE = "ProductName copy-Info.plist";
				IPHONEOS_DEPLOYMENT_TARGET = 8.1;
				LD_RUNPATH_SEARCH_PATHS = "$(inherited) @executable_path/Frameworks";
				PRODUCT_BUNDLE_IDENTIFIER = com.puacg.app;
				PRODUCT_NAME = "$(TARGET_NAME)";
			};
			name = Release;
		};
/* End XCBuildConfiguration section */

/* Begin XCConfigurationList section */
		1268212E1BEC92C800AC1950 /* Build configuration list for PBXProject "ProductName" */ = {
			isa = XCConfigurationList;
			buildConfigurations = (
				126821571BEC92C800AC1950 /* Debug */,
				126821581BEC92C800AC1950 /* Release */,
			);
			defaultConfigurationIsVisible = 0;
			defaultConfigurationName = Release;
		};
		126821591BEC92C800AC1950 /* Build configuration list for PBXNativeTarget "ProductName" */ = {
			isa = XCConfigurationList;
			buildConfigurations = (
				1268215A1BEC92C800AC1950 /* Debug */,
				1268215B1BEC92C800AC1950 /* Release */,
			);
			defaultConfigurationIsVisible = 0;
			defaultConfigurationName = Release;
		};
		1268215C1BEC92C800AC1950 /* Build configuration list for PBXNativeTarget "ProductNameTests" */ = {
			isa = XCConfigurationList;
			buildConfigurations = (
				1268215D1BEC92C800AC1950 /* Debug */,
				1268215E1BEC92C800AC1950 /* Release */,
			);
			defaultConfigurationIsVisible = 0;
			defaultConfigurationName = Release;
		};
		12E957FD1C128BD200EFD948 /* Build configuration list for PBXNativeTarget "ProductNamecopy_friend" */ = {
			isa = XCConfigurationList;
			buildConfigurations = (
				12E957FE1C128BD200EFD948 /* Debug */,
				12E957FF1C128BD200EFD948 /* Release */,
			);
			defaultConfigurationIsVisible = 0;
			defaultConfigurationName = Release;
		};
		12E9581C1C1293E200EFD948 /* Build configuration list for PBXNativeTarget "ProductName copy" */ = {
			isa = XCConfigurationList;
			buildConfigurations = (
				12E9581D1C1293E200EFD948 /* Debug */,
				12E9581E1C1293E200EFD948 /* Release */,
			);
			defaultConfigurationIsVisible = 0;
			defaultConfigurationName = Release;
		};
/* End XCConfigurationList section */
	};
	rootObject = 1268212B1BEC92C800AC1950 /* Project object */;
}
